
Microsoft Visual Studio Solution File, Format Version 12.00
# Visual Studio Version 16
VisualStudioVersion = 16.0.29503.13
MinimumVisualStudioVersion = 10.0.40219.1
Project("{2150E333-8FDC-42A3-9474-1A3956D46DE8}") = "src", "src", "{5DEEF336-C634-41F3-8B43-684A057C1B8B}"
EndProject
Project("{9A19103F-16F7-4668-BE54-9A1E7A4F7556}") = "Hermes.Identity", "src\Hermes.Identity.csproj", "{6DD19984-E13A-48F9-AD5B-CAB85BCC7A95}"
EndProject
Project("{2150E333-8FDC-42A3-9474-1A3956D46DE8}") = "tests", "tests", "{B48EBE74-C856-4E00-A713-886A7B073DD2}"
EndProject
Project("{9A19103F-16F7-4668-BE54-9A1E7A4F7556}") = "Hermes.Identity.Tests.Unit", "tests\Hermes.Identity.Tests.Unit.csproj", "{8B99A5D3-C461-4ED2-8F63-B78B98ECE16D}"
EndProject
Global
	GlobalSection(SolutionConfigurationPlatforms) = preSolution
		Debug|Any CPU = Debug|Any CPU
		Release|Any CPU = Release|Any CPU
	EndGlobalSection
	GlobalSection(ProjectConfigurationPlatforms) = postSolution
		{6DD19984-E13A-48F9-AD5B-CAB85BCC7A95}.Debug|Any CPU.ActiveCfg = Debug|Any CPU
		{6DD19984-E13A-48F9-AD5B-CAB85BCC7A95}.Debug|Any CPU.Build.0 = Debug|Any CPU
		{6DD19984-E13A-48F9-AD5B-CAB85BCC7A95}.Release|Any CPU.ActiveCfg = Release|Any CPU
		{6DD19984-E13A-48F9-AD5B-CAB85BCC7A95}.Release|Any CPU.Build.0 = Release|Any CPU
		{8B99A5D3-C461-4ED2-8F63-B78B98ECE16D}.Debug|Any CPU.ActiveCfg = Debug|Any CPU
		{8B99A5D3-C461-4ED2-8F63-B78B98ECE16D}.Debug|Any CPU.Build.0 = Debug|Any CPU
		{8B99A5D3-C461-4ED2-8F63-B78B98ECE16D}.Release|Any CPU.ActiveCfg = Release|Any CPU
		{8B99A5D3-C461-4ED2-8F63-B78B98ECE16D}.Release|Any CPU.Build.0 = Release|Any CPU
	EndGlobalSection
	GlobalSection(SolutionProperties) = preSolution
		HideSolutionNode = FALSE
	EndGlobalSection
	GlobalSection(NestedProjects) = preSolution
		{6DD19984-E13A-48F9-AD5B-CAB85BCC7A95} = {5DEEF336-C634-41F3-8B43-684A057C1B8B}
		{8B99A5D3-C461-4ED2-8F63-B78B98ECE16D} = {B48EBE74-C856-4E00-A713-886A7B073DD2}
	EndGlobalSection
	GlobalSection(ExtensibilityGlobals) = postSolution
		SolutionGuid = {27528A9E-FB7C-4DB4-A501-CEF5B0FD2562}
	EndGlobalSection
EndGlobal
